{
  "name": "test",
  "version": "1.0.0",
  "lockfileVersion": 1,
  "requires": true,
  "dependencies": {
    "zuck.js": {
      "version": "1.2.0",
      "resolved": "https://registry.npmjs.org/zuck.js/-/zuck.js-1.2.0.tgz",
      "integrity": "sha512-kRZ1OT8trht73LjnWr0M9jT6c67Z1VDhDkhTYFm/s1A//U7685f8Pm2pBkcx5iF1vw5p3fq+J4PA48sck0PXlA=="
    }
  }
}
